
Microsoft Visual Studio Solution File, Format Version 12.00
# Visual Studio Version 18
VisualStudioVersion = 18.0.11222.15
MinimumVisualStudioVersion = 10.0.40219.1
Project("{2150E333-8FDC-42A3-9474-1A3956D46DE8}") = "2024", "2024", "{DE571F90-5182-4861-BE45-5F111E103B84}"
EndProject
Project("{FAE04EC0-301F-11D3-BF4B-00C04F79EFBC}") = "1", "1-24\1.csproj", "{D2D35AC7-E4CD-44EE-46AC-628940EC1427}"
EndProject
Project("{FAE04EC0-301F-11D3-BF4B-00C04F79EFBC}") = "2", "2-24\2.csproj", "{0B203A34-7E7C-E58E-509A-496170022746}"
EndProject
Project("{FAE04EC0-301F-11D3-BF4B-00C04F79EFBC}") = "3", "3-24\3.csproj", "{3F6DE9A5-6F80-70CC-6F12-2276D1B8FACF}"
EndProject
Project("{FAE04EC0-301F-11D3-BF4B-00C04F79EFBC}") = "4", "4-24\4.csproj", "{C0C5C09C-5FF7-6AAF-7C8E-484E68898425}"
EndProject
Project("{FAE04EC0-301F-11D3-BF4B-00C04F79EFBC}") = "5", "5-24\5.csproj", "{9E30C6EA-F11A-FA6B-847B-9572D043D10A}"
EndProject
Project("{FAE04EC0-301F-11D3-BF4B-00C04F79EFBC}") = "7", "7-24\7.csproj", "{5F105692-58B6-8BB0-44AA-DE45EC555408}"
EndProject
Project("{FAE04EC0-301F-11D3-BF4B-00C04F79EFBC}") = "9", "9-24\9.csproj", "{C43A85DD-0A54-372E-E635-0ACE5416BB3D}"
EndProject
Project("{FAE04EC0-301F-11D3-BF4B-00C04F79EFBC}") = "10", "10-24\10.csproj", "{66D2EC16-1B27-FDBB-12E5-0321C066C5E1}"
EndProject
Project("{FAE04EC0-301F-11D3-BF4B-00C04F79EFBC}") = "11", "11-24\11.csproj", "{47FA545D-0C4D-4DF6-DBE7-208C41B92254}"
EndProject
Project("{FAE04EC0-301F-11D3-BF4B-00C04F79EFBC}") = "12", "12-24\12.csproj", "{BE87405B-FF83-6140-9897-3C619522153C}"
EndProject
Project("{FAE04EC0-301F-11D3-BF4B-00C04F79EFBC}") = "13", "13-24\13.csproj", "{B8092B37-69D3-0213-0FF4-0267FCF81701}"
EndProject
Project("{FAE04EC0-301F-11D3-BF4B-00C04F79EFBC}") = "14", "14-24\14.csproj", "{0D3480F8-6844-426B-4A0D-0BFB09AF0E57}"
EndProject
Global
	GlobalSection(SolutionConfigurationPlatforms) = preSolution
		Debug|Any CPU = Debug|Any CPU
		Release|Any CPU = Release|Any CPU
	EndGlobalSection
	GlobalSection(ProjectConfigurationPlatforms) = postSolution
		{D2D35AC7-E4CD-44EE-46AC-628940EC1427}.Debug|Any CPU.ActiveCfg = Debug|Any CPU
		{D2D35AC7-E4CD-44EE-46AC-628940EC1427}.Debug|Any CPU.Build.0 = Debug|Any CPU
		{D2D35AC7-E4CD-44EE-46AC-628940EC1427}.Release|Any CPU.ActiveCfg = Release|Any CPU
		{D2D35AC7-E4CD-44EE-46AC-628940EC1427}.Release|Any CPU.Build.0 = Release|Any CPU
		{0B203A34-7E7C-E58E-509A-496170022746}.Debug|Any CPU.ActiveCfg = Debug|Any CPU
		{0B203A34-7E7C-E58E-509A-496170022746}.Debug|Any CPU.Build.0 = Debug|Any CPU
		{0B203A34-7E7C-E58E-509A-496170022746}.Release|Any CPU.ActiveCfg = Release|Any CPU
		{0B203A34-7E7C-E58E-509A-496170022746}.Release|Any CPU.Build.0 = Release|Any CPU
		{3F6DE9A5-6F80-70CC-6F12-2276D1B8FACF}.Debug|Any CPU.ActiveCfg = Debug|Any CPU
		{3F6DE9A5-6F80-70CC-6F12-2276D1B8FACF}.Debug|Any CPU.Build.0 = Debug|Any CPU
		{3F6DE9A5-6F80-70CC-6F12-2276D1B8FACF}.Release|Any CPU.ActiveCfg = Release|Any CPU
		{3F6DE9A5-6F80-70CC-6F12-2276D1B8FACF}.Release|Any CPU.Build.0 = Release|Any CPU
		{C0C5C09C-5FF7-6AAF-7C8E-484E68898425}.Debug|Any CPU.ActiveCfg = Debug|Any CPU
		{C0C5C09C-5FF7-6AAF-7C8E-484E68898425}.Debug|Any CPU.Build.0 = Debug|Any CPU
		{C0C5C09C-5FF7-6AAF-7C8E-484E68898425}.Release|Any CPU.ActiveCfg = Release|Any CPU
		{C0C5C09C-5FF7-6AAF-7C8E-484E68898425}.Release|Any CPU.Build.0 = Release|Any CPU
		{9E30C6EA-F11A-FA6B-847B-9572D043D10A}.Debug|Any CPU.ActiveCfg = Debug|Any CPU
		{9E30C6EA-F11A-FA6B-847B-9572D043D10A}.Debug|Any CPU.Build.0 = Debug|Any CPU
		{9E30C6EA-F11A-FA6B-847B-9572D043D10A}.Release|Any CPU.ActiveCfg = Release|Any CPU
		{9E30C6EA-F11A-FA6B-847B-9572D043D10A}.Release|Any CPU.Build.0 = Release|Any CPU
		{5F105692-58B6-8BB0-44AA-DE45EC555408}.Debug|Any CPU.ActiveCfg = Debug|Any CPU
		{5F105692-58B6-8BB0-44AA-DE45EC555408}.Debug|Any CPU.Build.0 = Debug|Any CPU
		{5F105692-58B6-8BB0-44AA-DE45EC555408}.Release|Any CPU.ActiveCfg = Release|Any CPU
		{5F105692-58B6-8BB0-44AA-DE45EC555408}.Release|Any CPU.Build.0 = Release|Any CPU
		{C43A85DD-0A54-372E-E635-0ACE5416BB3D}.Debug|Any CPU.ActiveCfg = Debug|Any CPU
		{C43A85DD-0A54-372E-E635-0ACE5416BB3D}.Debug|Any CPU.Build.0 = Debug|Any CPU
		{C43A85DD-0A54-372E-E635-0ACE5416BB3D}.Release|Any CPU.ActiveCfg = Release|Any CPU
		{C43A85DD-0A54-372E-E635-0ACE5416BB3D}.Release|Any CPU.Build.0 = Release|Any CPU
		{66D2EC16-1B27-FDBB-12E5-0321C066C5E1}.Debug|Any CPU.ActiveCfg = Debug|Any CPU
		{66D2EC16-1B27-FDBB-12E5-0321C066C5E1}.Debug|Any CPU.Build.0 = Debug|Any CPU
		{66D2EC16-1B27-FDBB-12E5-0321C066C5E1}.Release|Any CPU.ActiveCfg = Release|Any CPU
		{66D2EC16-1B27-FDBB-12E5-0321C066C5E1}.Release|Any CPU.Build.0 = Release|Any CPU
		{47FA545D-0C4D-4DF6-DBE7-208C41B92254}.Debug|Any CPU.ActiveCfg = Debug|Any CPU
		{47FA545D-0C4D-4DF6-DBE7-208C41B92254}.Debug|Any CPU.Build.0 = Debug|Any CPU
		{47FA545D-0C4D-4DF6-DBE7-208C41B92254}.Release|Any CPU.ActiveCfg = Release|Any CPU
		{47FA545D-0C4D-4DF6-DBE7-208C41B92254}.Release|Any CPU.Build.0 = Release|Any CPU
		{BE87405B-FF83-6140-9897-3C619522153C}.Debug|Any CPU.ActiveCfg = Debug|Any CPU
		{BE87405B-FF83-6140-9897-3C619522153C}.Debug|Any CPU.Build.0 = Debug|Any CPU
		{BE87405B-FF83-6140-9897-3C619522153C}.Release|Any CPU.ActiveCfg = Release|Any CPU
		{BE87405B-FF83-6140-9897-3C619522153C}.Release|Any CPU.Build.0 = Release|Any CPU
		{B8092B37-69D3-0213-0FF4-0267FCF81701}.Debug|Any CPU.ActiveCfg = Debug|Any CPU
		{B8092B37-69D3-0213-0FF4-0267FCF81701}.Debug|Any CPU.Build.0 = Debug|Any CPU
		{B8092B37-69D3-0213-0FF4-0267FCF81701}.Release|Any CPU.ActiveCfg = Release|Any CPU
		{B8092B37-69D3-0213-0FF4-0267FCF81701}.Release|Any CPU.Build.0 = Release|Any CPU
		{0D3480F8-6844-426B-4A0D-0BFB09AF0E57}.Debug|Any CPU.ActiveCfg = Debug|Any CPU
		{0D3480F8-6844-426B-4A0D-0BFB09AF0E57}.Debug|Any CPU.Build.0 = Debug|Any CPU
		{0D3480F8-6844-426B-4A0D-0BFB09AF0E57}.Release|Any CPU.ActiveCfg = Release|Any CPU
		{0D3480F8-6844-426B-4A0D-0BFB09AF0E57}.Release|Any CPU.Build.0 = Release|Any CPU
	EndGlobalSection
	GlobalSection(SolutionProperties) = preSolution
		HideSolutionNode = FALSE
	EndGlobalSection
	GlobalSection(NestedProjects) = preSolution
		{D2D35AC7-E4CD-44EE-46AC-628940EC1427} = {DE571F90-5182-4861-BE45-5F111E103B84}
		{0B203A34-7E7C-E58E-509A-496170022746} = {DE571F90-5182-4861-BE45-5F111E103B84}
		{3F6DE9A5-6F80-70CC-6F12-2276D1B8FACF} = {DE571F90-5182-4861-BE45-5F111E103B84}
		{C0C5C09C-5FF7-6AAF-7C8E-484E68898425} = {DE571F90-5182-4861-BE45-5F111E103B84}
		{9E30C6EA-F11A-FA6B-847B-9572D043D10A} = {DE571F90-5182-4861-BE45-5F111E103B84}
		{5F105692-58B6-8BB0-44AA-DE45EC555408} = {DE571F90-5182-4861-BE45-5F111E103B84}
		{C43A85DD-0A54-372E-E635-0ACE5416BB3D} = {DE571F90-5182-4861-BE45-5F111E103B84}
		{66D2EC16-1B27-FDBB-12E5-0321C066C5E1} = {DE571F90-5182-4861-BE45-5F111E103B84}
		{47FA545D-0C4D-4DF6-DBE7-208C41B92254} = {DE571F90-5182-4861-BE45-5F111E103B84}
		{BE87405B-FF83-6140-9897-3C619522153C} = {DE571F90-5182-4861-BE45-5F111E103B84}
		{B8092B37-69D3-0213-0FF4-0267FCF81701} = {DE571F90-5182-4861-BE45-5F111E103B84}
		{0D3480F8-6844-426B-4A0D-0BFB09AF0E57} = {DE571F90-5182-4861-BE45-5F111E103B84}
	EndGlobalSection
	GlobalSection(ExtensibilityGlobals) = postSolution
		SolutionGuid = {9D27998B-E9CA-4351-B9E4-6C99C822CB90}
	EndGlobalSection
EndGlobal
