
Microsoft Visual Studio Solution File, Format Version 12.00
# Visual Studio Version 18
VisualStudioVersion = 18.0.11222.15
MinimumVisualStudioVersion = 10.0.40219.1
Project("{9A19103F-16F7-4668-BE54-9A1E7A4F7556}") = "1-24", "1\1-24.csproj", "{09719BAC-C13D-4185-81EA-7A1496E9B7C2}"
EndProject
Project("{9A19103F-16F7-4668-BE54-9A1E7A4F7556}") = "2-24", "2\2-24.csproj", "{E23D111B-7C07-4271-BFBC-158A0887E0E0}"
EndProject
Project("{9A19103F-16F7-4668-BE54-9A1E7A4F7556}") = "3-24", "3\3-24.csproj", "{A70A72F3-8EE9-4420-A911-0E768E179B39}"
EndProject
Project("{FAE04EC0-301F-11D3-BF4B-00C04F79EFBC}") = "4-24", "4\4-24.csproj", "{8AAF302A-75FC-4F6C-AC89-D71F6474DA80}"
EndProject
Project("{FAE04EC0-301F-11D3-BF4B-00C04F79EFBC}") = "5-24", "5\5-24.csproj", "{F90A7BED-1202-4423-A435-19DC06964D0E}"
EndProject
Project("{FAE04EC0-301F-11D3-BF4B-00C04F79EFBC}") = "6-24", "6\6-24.csproj", "{2D286051-592F-486F-A58C-4C3A25F82728}"
EndProject
Project("{FAE04EC0-301F-11D3-BF4B-00C04F79EFBC}") = "7-24", "7\7-24.csproj", "{BA3A39A2-7C78-4434-8D02-6B95D121B9BE}"
EndProject
Project("{FAE04EC0-301F-11D3-BF4B-00C04F79EFBC}") = "9-24", "9\9-24.csproj", "{41B6EDA0-BCC6-4522-965E-1DA21FCE3720}"
EndProject
Project("{FAE04EC0-301F-11D3-BF4B-00C04F79EFBC}") = "-24", "11\11-24.csproj", "{C6822AD5-4472-4A31-AAB6-330FF5A0029B}"
EndProject
Project("{FAE04EC0-301F-11D3-BF4B-00C04F79EFBC}") = "12-24", "12\12-24.csproj", "{B8996AE6-0490-4D17-A2A6-C4D84EFE10D6}"
EndProject
Project("{FAE04EC0-301F-11D3-BF4B-00C04F79EFBC}") = "13-24", "13\13-24.csproj", "{D3544CD2-8647-4E1A-B3D3-3C09CD0B71C0}"
EndProject
Project("{FAE04EC0-301F-11D3-BF4B-00C04F79EFBC}") = "10-24", "10\10-24.csproj", "{31D9E060-94E0-4C02-8DFA-C3AABB5D6E75}"
EndProject
Project("{FAE04EC0-301F-11D3-BF4B-00C04F79EFBC}") = "14-24", "14\14-24.csproj", "{4A9C2CA5-7F88-4508-ACDD-7B553F74DABB}"
EndProject
Project("{2150E333-8FDC-42A3-9474-1A3956D46DE8}") = "2024", "2024", "{DE571F90-5182-4861-BE45-5F111E103B84}"
EndProject
Project("{2150E333-8FDC-42A3-9474-1A3956D46DE8}") = "2025", "2025", "{DC34D86A-6584-4D81-94CD-D82A56439689}"
EndProject
Global
	GlobalSection(SolutionConfigurationPlatforms) = preSolution
		Debug|Any CPU = Debug|Any CPU
		Release|Any CPU = Release|Any CPU
	EndGlobalSection
	GlobalSection(ProjectConfigurationPlatforms) = postSolution
		{09719BAC-C13D-4185-81EA-7A1496E9B7C2}.Debug|Any CPU.ActiveCfg = Debug|Any CPU
		{09719BAC-C13D-4185-81EA-7A1496E9B7C2}.Debug|Any CPU.Build.0 = Debug|Any CPU
		{09719BAC-C13D-4185-81EA-7A1496E9B7C2}.Release|Any CPU.ActiveCfg = Release|Any CPU
		{09719BAC-C13D-4185-81EA-7A1496E9B7C2}.Release|Any CPU.Build.0 = Release|Any CPU
		{E23D111B-7C07-4271-BFBC-158A0887E0E0}.Debug|Any CPU.ActiveCfg = Debug|Any CPU
		{E23D111B-7C07-4271-BFBC-158A0887E0E0}.Debug|Any CPU.Build.0 = Debug|Any CPU
		{E23D111B-7C07-4271-BFBC-158A0887E0E0}.Release|Any CPU.ActiveCfg = Release|Any CPU
		{E23D111B-7C07-4271-BFBC-158A0887E0E0}.Release|Any CPU.Build.0 = Release|Any CPU
		{A70A72F3-8EE9-4420-A911-0E768E179B39}.Debug|Any CPU.ActiveCfg = Debug|Any CPU
		{A70A72F3-8EE9-4420-A911-0E768E179B39}.Debug|Any CPU.Build.0 = Debug|Any CPU
		{A70A72F3-8EE9-4420-A911-0E768E179B39}.Release|Any CPU.ActiveCfg = Release|Any CPU
		{A70A72F3-8EE9-4420-A911-0E768E179B39}.Release|Any CPU.Build.0 = Release|Any CPU
		{8AAF302A-75FC-4F6C-AC89-D71F6474DA80}.Debug|Any CPU.ActiveCfg = Debug|Any CPU
		{8AAF302A-75FC-4F6C-AC89-D71F6474DA80}.Debug|Any CPU.Build.0 = Debug|Any CPU
		{8AAF302A-75FC-4F6C-AC89-D71F6474DA80}.Release|Any CPU.ActiveCfg = Release|Any CPU
		{8AAF302A-75FC-4F6C-AC89-D71F6474DA80}.Release|Any CPU.Build.0 = Release|Any CPU
		{F90A7BED-1202-4423-A435-19DC06964D0E}.Debug|Any CPU.ActiveCfg = Debug|Any CPU
		{F90A7BED-1202-4423-A435-19DC06964D0E}.Debug|Any CPU.Build.0 = Debug|Any CPU
		{F90A7BED-1202-4423-A435-19DC06964D0E}.Release|Any CPU.ActiveCfg = Release|Any CPU
		{F90A7BED-1202-4423-A435-19DC06964D0E}.Release|Any CPU.Build.0 = Release|Any CPU
		{2D286051-592F-486F-A58C-4C3A25F82728}.Debug|Any CPU.ActiveCfg = Debug|Any CPU
		{2D286051-592F-486F-A58C-4C3A25F82728}.Debug|Any CPU.Build.0 = Debug|Any CPU
		{2D286051-592F-486F-A58C-4C3A25F82728}.Release|Any CPU.ActiveCfg = Release|Any CPU
		{2D286051-592F-486F-A58C-4C3A25F82728}.Release|Any CPU.Build.0 = Release|Any CPU
		{BA3A39A2-7C78-4434-8D02-6B95D121B9BE}.Debug|Any CPU.ActiveCfg = Debug|Any CPU
		{BA3A39A2-7C78-4434-8D02-6B95D121B9BE}.Debug|Any CPU.Build.0 = Debug|Any CPU
		{BA3A39A2-7C78-4434-8D02-6B95D121B9BE}.Release|Any CPU.ActiveCfg = Release|Any CPU
		{BA3A39A2-7C78-4434-8D02-6B95D121B9BE}.Release|Any CPU.Build.0 = Release|Any CPU
		{41B6EDA0-BCC6-4522-965E-1DA21FCE3720}.Debug|Any CPU.ActiveCfg = Debug|Any CPU
		{41B6EDA0-BCC6-4522-965E-1DA21FCE3720}.Debug|Any CPU.Build.0 = Debug|Any CPU
		{41B6EDA0-BCC6-4522-965E-1DA21FCE3720}.Release|Any CPU.ActiveCfg = Release|Any CPU
		{41B6EDA0-BCC6-4522-965E-1DA21FCE3720}.Release|Any CPU.Build.0 = Release|Any CPU
		{C6822AD5-4472-4A31-AAB6-330FF5A0029B}.Debug|Any CPU.ActiveCfg = Debug|Any CPU
		{C6822AD5-4472-4A31-AAB6-330FF5A0029B}.Debug|Any CPU.Build.0 = Debug|Any CPU
		{C6822AD5-4472-4A31-AAB6-330FF5A0029B}.Release|Any CPU.ActiveCfg = Release|Any CPU
		{C6822AD5-4472-4A31-AAB6-330FF5A0029B}.Release|Any CPU.Build.0 = Release|Any CPU
		{B8996AE6-0490-4D17-A2A6-C4D84EFE10D6}.Debug|Any CPU.ActiveCfg = Debug|Any CPU
		{B8996AE6-0490-4D17-A2A6-C4D84EFE10D6}.Debug|Any CPU.Build.0 = Debug|Any CPU
		{B8996AE6-0490-4D17-A2A6-C4D84EFE10D6}.Release|Any CPU.ActiveCfg = Release|Any CPU
		{B8996AE6-0490-4D17-A2A6-C4D84EFE10D6}.Release|Any CPU.Build.0 = Release|Any CPU
		{D3544CD2-8647-4E1A-B3D3-3C09CD0B71C0}.Debug|Any CPU.ActiveCfg = Debug|Any CPU
		{D3544CD2-8647-4E1A-B3D3-3C09CD0B71C0}.Debug|Any CPU.Build.0 = Debug|Any CPU
		{D3544CD2-8647-4E1A-B3D3-3C09CD0B71C0}.Release|Any CPU.ActiveCfg = Release|Any CPU
		{D3544CD2-8647-4E1A-B3D3-3C09CD0B71C0}.Release|Any CPU.Build.0 = Release|Any CPU
		{31D9E060-94E0-4C02-8DFA-C3AABB5D6E75}.Debug|Any CPU.ActiveCfg = Debug|Any CPU
		{31D9E060-94E0-4C02-8DFA-C3AABB5D6E75}.Debug|Any CPU.Build.0 = Debug|Any CPU
		{31D9E060-94E0-4C02-8DFA-C3AABB5D6E75}.Release|Any CPU.ActiveCfg = Release|Any CPU
		{31D9E060-94E0-4C02-8DFA-C3AABB5D6E75}.Release|Any CPU.Build.0 = Release|Any CPU
		{4A9C2CA5-7F88-4508-ACDD-7B553F74DABB}.Debug|Any CPU.ActiveCfg = Debug|Any CPU
		{4A9C2CA5-7F88-4508-ACDD-7B553F74DABB}.Debug|Any CPU.Build.0 = Debug|Any CPU
		{4A9C2CA5-7F88-4508-ACDD-7B553F74DABB}.Release|Any CPU.ActiveCfg = Release|Any CPU
		{4A9C2CA5-7F88-4508-ACDD-7B553F74DABB}.Release|Any CPU.Build.0 = Release|Any CPU
	EndGlobalSection
	GlobalSection(SolutionProperties) = preSolution
		HideSolutionNode = FALSE
	EndGlobalSection
	GlobalSection(NestedProjects) = preSolution
		{09719BAC-C13D-4185-81EA-7A1496E9B7C2} = {DE571F90-5182-4861-BE45-5F111E103B84}
		{E23D111B-7C07-4271-BFBC-158A0887E0E0} = {DE571F90-5182-4861-BE45-5F111E103B84}
		{A70A72F3-8EE9-4420-A911-0E768E179B39} = {DE571F90-5182-4861-BE45-5F111E103B84}
		{8AAF302A-75FC-4F6C-AC89-D71F6474DA80} = {DE571F90-5182-4861-BE45-5F111E103B84}
		{F90A7BED-1202-4423-A435-19DC06964D0E} = {DE571F90-5182-4861-BE45-5F111E103B84}
		{2D286051-592F-486F-A58C-4C3A25F82728} = {DE571F90-5182-4861-BE45-5F111E103B84}
		{BA3A39A2-7C78-4434-8D02-6B95D121B9BE} = {DE571F90-5182-4861-BE45-5F111E103B84}
		{41B6EDA0-BCC6-4522-965E-1DA21FCE3720} = {DE571F90-5182-4861-BE45-5F111E103B84}
		{C6822AD5-4472-4A31-AAB6-330FF5A0029B} = {DE571F90-5182-4861-BE45-5F111E103B84}
		{B8996AE6-0490-4D17-A2A6-C4D84EFE10D6} = {DE571F90-5182-4861-BE45-5F111E103B84}
		{D3544CD2-8647-4E1A-B3D3-3C09CD0B71C0} = {DE571F90-5182-4861-BE45-5F111E103B84}
		{31D9E060-94E0-4C02-8DFA-C3AABB5D6E75} = {DE571F90-5182-4861-BE45-5F111E103B84}
		{4A9C2CA5-7F88-4508-ACDD-7B553F74DABB} = {DE571F90-5182-4861-BE45-5F111E103B84}
	EndGlobalSection
	GlobalSection(ExtensibilityGlobals) = postSolution
		SolutionGuid = {9D27998B-E9CA-4351-B9E4-6C99C822CB90}
	EndGlobalSection
EndGlobal
